
Microsoft Visual Studio Solution File, Format Version 12.00
# Visual Studio Version 16
VisualStudioVersion = 16.0.31702.278
MinimumVisualStudioVersion = 10.0.40219.1
Project("{FAE04EC0-301F-11D3-BF4B-00C04F79EFBC}") = "FlawsomeCosmetics", "FlawsomeCosmetics\FlawsomeCosmetics.csproj", "{F6B75AC0-EF4B-48A6-8835-B41DF54349B3}"
EndProject
Global
	GlobalSection(SolutionConfigurationPlatforms) = preSolution
		Debug|Any CPU = Debug|Any CPU
		Release|Any CPU = Release|Any CPU
	EndGlobalSection
	GlobalSection(ProjectConfigurationPlatforms) = postSolution
		{F6B75AC0-EF4B-48A6-8835-B41DF54349B3}.Debug|Any CPU.ActiveCfg = Debug|Any CPU
		{F6B75AC0-EF4B-48A6-8835-B41DF54349B3}.Debug|Any CPU.Build.0 = Debug|Any CPU
		{F6B75AC0-EF4B-48A6-8835-B41DF54349B3}.Release|Any CPU.ActiveCfg = Release|Any CPU
		{F6B75AC0-EF4B-48A6-8835-B41DF54349B3}.Release|Any CPU.Build.0 = Release|Any CPU
	EndGlobalSection
	GlobalSection(SolutionProperties) = preSolution
		HideSolutionNode = FALSE
	EndGlobalSection
	GlobalSection(ExtensibilityGlobals) = postSolution
		SolutionGuid = {4F9E68E9-A372-4B56-B808-31372FE035D3}
	EndGlobalSection
EndGlobal
